
Microsoft Visual Studio Solution File, Format Version 12.00
Project("{FAE04EC0-301F-11D3-BF4B-00C04F79EFBC}") = "AnalizaEvaluarilor.Common", "AnalizaEvaluarilor.Common\AnalizaEvaluarilor.Common.csproj", "{701A9862-5F05-4B94-B67C-34FE9847BA62}"
EndProject
Project("{FAE04EC0-301F-11D3-BF4B-00C04F79EFBC}") = "AnalizaEvaluarilor.APi", "AnalizaEvaluarilor.APi\AnalizaEvaluarilor.APi.csproj", "{190AA454-0A9D-42D1-A8E7-57B5ACBEF695}"
EndProject
Project("{FAE04EC0-301F-11D3-BF4B-00C04F79EFBC}") = "AnalizaEvaluarilor.Domain", "AnalizaEvaluarilor.Domain\AnalizaEvaluarilor.Domain.csproj", "{53CA5590-85BF-4FBB-AC55-F8B044B907CA}"
EndProject
Project("{FAE04EC0-301F-11D3-BF4B-00C04F79EFBC}") = "AnalizaEvaluarilor.Application", "AnalizaEvaluarilor.Application\AnalizaEvaluarilor.Application.csproj", "{D97E910B-C0F1-4D04-A7CA-BF20DBD571CC}"
EndProject
Project("{FAE04EC0-301F-11D3-BF4B-00C04F79EFBC}") = "AnalizaEvaluarilor.Infrastructure", "AnalizaEvaluarilor.Infrastructure\AnalizaEvaluarilor.Infrastructure.csproj", "{B8F4C823-37B4-46CD-9012-6E42B3BCF7DD}"
EndProject
Project("{FAE04EC0-301F-11D3-BF4B-00C04F79EFBC}") = "AnalizaEvaluarilor.Mobile", "AnalizaEvaluarilor.Mobile\AnalizaEvaluarilor.Mobile.csproj", "{35AC2E03-1C8A-4015-817D-A35200B8FE6B}"
EndProject
Global
	GlobalSection(SolutionConfigurationPlatforms) = preSolution
		Debug|Any CPU = Debug|Any CPU
		Release|Any CPU = Release|Any CPU
	EndGlobalSection
	GlobalSection(ProjectConfigurationPlatforms) = postSolution
		{701A9862-5F05-4B94-B67C-34FE9847BA62}.Debug|Any CPU.ActiveCfg = Debug|Any CPU
		{701A9862-5F05-4B94-B67C-34FE9847BA62}.Debug|Any CPU.Build.0 = Debug|Any CPU
		{701A9862-5F05-4B94-B67C-34FE9847BA62}.Release|Any CPU.ActiveCfg = Release|Any CPU
		{701A9862-5F05-4B94-B67C-34FE9847BA62}.Release|Any CPU.Build.0 = Release|Any CPU
		{190AA454-0A9D-42D1-A8E7-57B5ACBEF695}.Debug|Any CPU.ActiveCfg = Debug|Any CPU
		{190AA454-0A9D-42D1-A8E7-57B5ACBEF695}.Debug|Any CPU.Build.0 = Debug|Any CPU
		{190AA454-0A9D-42D1-A8E7-57B5ACBEF695}.Release|Any CPU.ActiveCfg = Release|Any CPU
		{190AA454-0A9D-42D1-A8E7-57B5ACBEF695}.Release|Any CPU.Build.0 = Release|Any CPU
		{53CA5590-85BF-4FBB-AC55-F8B044B907CA}.Debug|Any CPU.ActiveCfg = Debug|Any CPU
		{53CA5590-85BF-4FBB-AC55-F8B044B907CA}.Debug|Any CPU.Build.0 = Debug|Any CPU
		{53CA5590-85BF-4FBB-AC55-F8B044B907CA}.Release|Any CPU.ActiveCfg = Release|Any CPU
		{53CA5590-85BF-4FBB-AC55-F8B044B907CA}.Release|Any CPU.Build.0 = Release|Any CPU
		{D97E910B-C0F1-4D04-A7CA-BF20DBD571CC}.Debug|Any CPU.ActiveCfg = Debug|Any CPU
		{D97E910B-C0F1-4D04-A7CA-BF20DBD571CC}.Debug|Any CPU.Build.0 = Debug|Any CPU
		{D97E910B-C0F1-4D04-A7CA-BF20DBD571CC}.Release|Any CPU.ActiveCfg = Release|Any CPU
		{D97E910B-C0F1-4D04-A7CA-BF20DBD571CC}.Release|Any CPU.Build.0 = Release|Any CPU
		{B8F4C823-37B4-46CD-9012-6E42B3BCF7DD}.Debug|Any CPU.ActiveCfg = Debug|Any CPU
		{B8F4C823-37B4-46CD-9012-6E42B3BCF7DD}.Debug|Any CPU.Build.0 = Debug|Any CPU
		{B8F4C823-37B4-46CD-9012-6E42B3BCF7DD}.Release|Any CPU.ActiveCfg = Release|Any CPU
		{B8F4C823-37B4-46CD-9012-6E42B3BCF7DD}.Release|Any CPU.Build.0 = Release|Any CPU
		{35AC2E03-1C8A-4015-817D-A35200B8FE6B}.Debug|Any CPU.ActiveCfg = Debug|Any CPU
		{35AC2E03-1C8A-4015-817D-A35200B8FE6B}.Debug|Any CPU.Build.0 = Debug|Any CPU
		{35AC2E03-1C8A-4015-817D-A35200B8FE6B}.Release|Any CPU.ActiveCfg = Release|Any CPU
		{35AC2E03-1C8A-4015-817D-A35200B8FE6B}.Release|Any CPU.Build.0 = Release|Any CPU
	EndGlobalSection
EndGlobal
